// !$*UTF8*$!
{
	archiveVersion = 1;
	classes = {
	};
	objectVersion = 50;
	objects = {

/* Begin PBXBuildFile section */
		DE747C09217A9C560050D749 /* AppDelegate.m in Sources */ = {isa = PBXBuildFile; fileRef = DE747C08217A9C560050D749 /* AppDelegate.m */; };
		DE747C0C217A9C560050D749 /* ViewController.m in Sources */ = {isa = PBXBuildFile; fileRef = DE747C0B217A9C560050D749 /* ViewController.m */; };
		DE747C0F217A9C560050D749 /* Main.storyboard in Resources */ = {isa = PBXBuildFile; fileRef = DE747C0D217A9C560050D749 /* Main.storyboard */; };
		DE747C11217A9C580050D749 /* Assets.xcassets in Resources */ = {isa = PBXBuildFile; fileRef = DE747C10217A9C580050D749 /* Assets.xcassets */; };
		DE747C14217A9C580050D749 /* LaunchScreen.storyboard in Resources */ = {isa = PBXBuildFile; fileRef = DE747C12217A9C580050D749 /* LaunchScreen.storyboard */; };
		DE747C17217A9C580050D749 /* main.m in Sources */ = {isa = PBXBuildFile; fileRef = DE747C16217A9C580050D749 /* main.m */; };
		DE747C21217A9C580050D749 /* NewBuild_Extension_SubspecTests.m in Sources */ = {isa = PBXBuildFile; fileRef = DE747C20217A9C580050D749 /* NewBuild_Extension_SubspecTests.m */; };
/* End PBXBuildFile section */

/* Begin PBXContainerItemProxy section */
		DE747C1D217A9C580050D749 /* PBXContainerItemProxy */ = {
			isa = PBXContainerItemProxy;
			containerPortal = DE747BFC217A9C560050D749 /* Project object */;
			proxyType = 1;
			remoteGlobalIDString = DE747C03217A9C560050D749;
			remoteInfo = "NewBuild-Extension-Subspec";
		};
/* End PBXContainerItemProxy section */

/* Begin PBXFileReference section */
		DE747C04217A9C560050D749 /* NewBuild-Extension-Subspec.app */ = {isa = PBXFileReference; explicitFileType = wrapper.application; includeInIndex = 0; path = "NewBuild-Extension-Subspec.app"; sourceTree = BUILT_PRODUCTS_DIR; };
		DE747C07217A9C560050D749 /* AppDelegate.h */ = {isa = PBXFileReference; lastKnownFileType = sourcecode.c.h; path = AppDelegate.h; sourceTree = "<group>"; };
		DE747C08217A9C560050D749 /* AppDelegate.m */ = {isa = PBXFileReference; lastKnownFileType = sourcecode.c.objc; path = AppDelegate.m; sourceTree = "<group>"; };
		DE747C0A217A9C560050D749 /* ViewController.h */ = {isa = PBXFileReference; lastKnownFileType = sourcecode.c.h; path = ViewController.h; sourceTree = "<group>"; };
		DE747C0B217A9C560050D749 /* ViewController.m */ = {isa = PBXFileReference; lastKnownFileType = sourcecode.c.objc; path = ViewController.m; sourceTree = "<group>"; };
		DE747C0E217A9C560050D749 /* Base */ = {isa = PBXFileReference; lastKnownFileType = file.storyboard; name = Base; path = Base.lproj/Main.storyboard; sourceTree = "<group>"; };
		DE747C10217A9C580050D749 /* Assets.xcassets */ = {isa = PBXFileReference; lastKnownFileType = folder.assetcatalog; path = Assets.xcassets; sourceTree = "<group>"; };
		DE747C13217A9C580050D749 /* Base */ = {isa = PBXFileReference; lastKnownFileType = file.storyboard; name = Base; path = Base.lproj/LaunchScreen.storyboard; sourceTree = "<group>"; };
		DE747C15217A9C580050D749 /* Info.plist */ = {isa = PBXFileReference; lastKnownFileType = text.plist.xml; path = Info.plist; sourceTree = "<group>"; };
		DE747C16217A9C580050D749 /* main.m */ = {isa = PBXFileReference; lastKnownFileType = sourcecode.c.objc; path = main.m; sourceTree = "<group>"; };
		DE747C1C217A9C580050D749 /* NewBuild-Extension-SubspecTests.xctest */ = {isa = PBXFileReference; explicitFileType = wrapper.cfbundle; includeInIndex = 0; path = "NewBuild-Extension-SubspecTests.xctest"; sourceTree = BUILT_PRODUCTS_DIR; };
		DE747C20217A9C580050D749 /* NewBuild_Extension_SubspecTests.m */ = {isa = PBXFileReference; lastKnownFileType = sourcecode.c.objc; path = NewBuild_Extension_SubspecTests.m; sourceTree = "<group>"; };
		DE747C22217A9C580050D749 /* Info.plist */ = {isa = PBXFileReference; lastKnownFileType = text.plist.xml; path = Info.plist; sourceTree = "<group>"; };
/* End PBXFileReference section */

/* Begin PBXFrameworksBuildPhase section */
		DE747C01217A9C560050D749 /* Frameworks */ = {
			isa = PBXFrameworksBuildPhase;
			buildActionMask = 2147483647;
			files = (
			);
			runOnlyForDeploymentPostprocessing = 0;
		};
		DE747C19217A9C580050D749 /* Frameworks */ = {
			isa = PBXFrameworksBuildPhase;
			buildActionMask = 2147483647;
			files = (
			);
			runOnlyForDeploymentPostprocessing = 0;
		};
/* End PBXFrameworksBuildPhase section */

/* Begin PBXGroup section */
		DE747BFB217A9C560050D749 = {
			isa = PBXGroup;
			children = (
				DE747C06217A9C560050D749 /* NewBuild-Extension-Subspec */,
				DE747C1F217A9C580050D749 /* NewBuild-Extension-SubspecTests */,
				DE747C05217A9C560050D749 /* Products */,
			);
			sourceTree = "<group>";
		};
		DE747C05217A9C560050D749 /* Products */ = {
			isa = PBXGroup;
			children = (
				DE747C04217A9C560050D749 /* NewBuild-Extension-Subspec.app */,
				DE747C1C217A9C580050D749 /* NewBuild-Extension-SubspecTests.xctest */,
			);
			name = Products;
			sourceTree = "<group>";
		};
		DE747C06217A9C560050D749 /* NewBuild-Extension-Subspec */ = {
			isa = PBXGroup;
			children = (
				DE747C07217A9C560050D749 /* AppDelegate.h */,
				DE747C08217A9C560050D749 /* AppDelegate.m */,
				DE747C0A217A9C560050D749 /* ViewController.h */,
				DE747C0B217A9C560050D749 /* ViewController.m */,
				DE747C0D217A9C560050D749 /* Main.storyboard */,
				DE747C10217A9C580050D749 /* Assets.xcassets */,
				DE747C12217A9C580050D749 /* LaunchScreen.storyboard */,
				DE747C15217A9C580050D749 /* Info.plist */,
				DE747C16217A9C580050D749 /* main.m */,
			);
			path = "NewBuild-Extension-Subspec";
			sourceTree = "<group>";
		};
		DE747C1F217A9C580050D749 /* NewBuild-Extension-SubspecTests */ = {
			isa = PBXGroup;
			children = (
				DE747C20217A9C580050D749 /* NewBuild_Extension_SubspecTests.m */,
				DE747C22217A9C580050D749 /* Info.plist */,
			);
			path = "NewBuild-Extension-SubspecTests";
			sourceTree = "<group>";
		};
/* End PBXGroup section */

/* Begin PBXNativeTarget section */
		DE747C03217A9C560050D749 /* NewBuild-Extension-Subspec */ = {
			isa = PBXNativeTarget;
			buildConfigurationList = DE747C25217A9C580050D749 /* Build configuration list for PBXNativeTarget "NewBuild-Extension-Subspec" */;
			buildPhases = (
				DE747C00217A9C560050D749 /* Sources */,
				DE747C01217A9C560050D749 /* Frameworks */,
				DE747C02217A9C560050D749 /* Resources */,
			);
			buildRules = (
			);
			dependencies = (
			);
			name = "NewBuild-Extension-Subspec";
			productName = "NewBuild-Extension-Subspec";
			productReference = DE747C04217A9C560050D749 /* NewBuild-Extension-Subspec.app */;
			productType = "com.apple.product-type.application";
		};
		DE747C1B217A9C580050D749 /* NewBuild-Extension-SubspecTests */ = {
			isa = PBXNativeTarget;
			buildConfigurationList = DE747C28217A9C580050D749 /* Build configuration list for PBXNativeTarget "NewBuild-Extension-SubspecTests" */;
			buildPhases = (
				DE747C18217A9C580050D749 /* Sources */,
				DE747C19217A9C580050D749 /* Frameworks */,
				DE747C1A217A9C580050D749 /* Resources */,
			);
			buildRules = (
			);
			dependencies = (
				DE747C1E217A9C580050D749 /* PBXTargetDependency */,
			);
			name = "NewBuild-Extension-SubspecTests";
			productName = "NewBuild-Extension-SubspecTests";
			productReference = DE747C1C217A9C580050D749 /* NewBuild-Extension-SubspecTests.xctest */;
			productType = "com.apple.product-type.bundle.unit-test";
		};
/* End PBXNativeTarget section */

/* Begin PBXProject section */
		DE747BFC217A9C560050D749 /* Project object */ = {
			isa = PBXProject;
			attributes = {
				LastUpgradeCheck = 1000;
				ORGANIZATIONNAME = Google;
				TargetAttributes = {
					DE747C03217A9C560050D749 = {
						CreatedOnToolsVersion = 10.0;
					};
					DE747C1B217A9C580050D749 = {
						CreatedOnToolsVersion = 10.0;
						TestTargetID = DE747C03217A9C560050D749;
					};
				};
			};
			buildConfigurationList = DE747BFF217A9C560050D749 /* Build configuration list for PBXProject "NewBuild-Extension-Subspec" */;
			compatibilityVersion = "Xcode 9.3";
			developmentRegion = en;
			hasScannedForEncodings = 0;
			knownRegions = (
				en,
				Base,
			);
			mainGroup = DE747BFB217A9C560050D749;
			productRefGroup = DE747C05217A9C560050D749 /* Products */;
			projectDirPath = "";
			projectRoot = "";
			targets = (
				DE747C03217A9C560050D749 /* NewBuild-Extension-Subspec */,
				DE747C1B217A9C580050D749 /* NewBuild-Extension-SubspecTests */,
			);
		};
/* End PBXProject section */

/* Begin PBXResourcesBuildPhase section */
		DE747C02217A9C560050D749 /* Resources */ = {
			isa = PBXResourcesBuildPhase;
			buildActionMask = 2147483647;
			files = (
				DE747C14217A9C580050D749 /* LaunchScreen.storyboard in Resources */,
				DE747C11217A9C580050D749 /* Assets.xcassets in Resources */,
				DE747C0F217A9C560050D749 /* Main.storyboard in Resources */,
			);
			runOnlyForDeploymentPostprocessing = 0;
		};
		DE747C1A217A9C580050D749 /* Resources */ = {
			isa = PBXResourcesBuildPhase;
			buildActionMask = 2147483647;
			files = (
			);
			runOnlyForDeploymentPostprocessing = 0;
		};
/* End PBXResourcesBuildPhase section */

/* Begin PBXSourcesBuildPhase section */
		DE747C00217A9C560050D749 /* Sources */ = {
			isa = PBXSourcesBuildPhase;
			buildActionMask = 2147483647;
			files = (
				DE747C0C217A9C560050D749 /* ViewController.m in Sources */,
				DE747C17217A9C580050D749 /* main.m in Sources */,
				DE747C09217A9C560050D749 /* AppDelegate.m in Sources */,
			);
			runOnlyForDeploymentPostprocessing = 0;
		};
		DE747C18217A9C580050D749 /* Sources */ = {
			isa = PBXSourcesBuildPhase;
			buildActionMask = 2147483647;
			files = (
				DE747C21217A9C580050D749 /* NewBuild_Extension_SubspecTests.m in Sources */,
			);
			runOnlyForDeploymentPostprocessing = 0;
		};
/* End PBXSourcesBuildPhase section */

/* Begin PBXTargetDependency section */
		DE747C1E217A9C580050D749 /* PBXTargetDependency */ = {
			isa = PBXTargetDependency;
			target = DE747C03217A9C560050D749 /* NewBuild-Extension-Subspec */;
			targetProxy = DE747C1D217A9C580050D749 /* PBXContainerItemProxy */;
		};
/* End PBXTargetDependency section */

/* Begin PBXVariantGroup section */
		DE747C0D217A9C560050D749 /* Main.storyboard */ = {
			isa = PBXVariantGroup;
			children = (
				DE747C0E217A9C560050D749 /* Base */,
			);
			name = Main.storyboard;
			sourceTree = "<group>";
		};
		DE747C12217A9C580050D749 /* LaunchScreen.storyboard */ = {
			isa = PBXVariantGroup;
			children = (
				DE747C13217A9C580050D749 /* Base */,
			);
			name = LaunchScreen.storyboard;
			sourceTree = "<group>";
		};
/* End PBXVariantGroup section */

/* Begin XCBuildConfiguration section */
		DE747C23217A9C580050D749 /* Debug */ = {
			isa = XCBuildConfiguration;
			buildSettings = {
				ALWAYS_SEARCH_USER_PATHS = NO;
				CLANG_ANALYZER_NONNULL = YES;
				CLANG_ANALYZER_NUMBER_OBJECT_CONVERSION = YES_AGGRESSIVE;
				CLANG_CXX_LANGUAGE_STANDARD = "gnu++14";
				CLANG_CXX_LIBRARY = "libc++";
				CLANG_ENABLE_MODULES = YES;
				CLANG_ENABLE_OBJC_ARC = YES;
				CLANG_ENABLE_OBJC_WEAK = YES;
				CLANG_WARN_BLOCK_CAPTURE_AUTORELEASING = YES;
				CLANG_WARN_BOOL_CONVERSION = YES;
				CLANG_WARN_COMMA = YES;
				CLANG_WARN_CONSTANT_CONVERSION = YES;
				CLANG_WARN_DEPRECATED_OBJC_IMPLEMENTATIONS = YES;
				CLANG_WARN_DIRECT_OBJC_ISA_USAGE = YES_ERROR;
				CLANG_WARN_DOCUMENTATION_COMMENTS = YES;
				CLANG_WARN_EMPTY_BODY = YES;
				CLANG_WARN_ENUM_CONVERSION = YES;
				CLANG_WARN_INFINITE_RECURSION = YES;
				CLANG_WARN_INT_CONVERSION = YES;
				CLANG_WARN_NON_LITERAL_NULL_CONVERSION = YES;
				CLANG_WARN_OBJC_IMPLICIT_RETAIN_SELF = YES;
				CLANG_WARN_OBJC_LITERAL_CONVERSION = YES;
				CLANG_WARN_OBJC_ROOT_CLASS = YES_ERROR;
				CLANG_WARN_RANGE_LOOP_ANALYSIS = YES;
				CLANG_WARN_STRICT_PROTOTYPES = YES;
				CLANG_WARN_SUSPICIOUS_MOVE = YES;
				CLANG_WARN_UNGUARDED_AVAILABILITY = YES_AGGRESSIVE;
				CLANG_WARN_UNREACHABLE_CODE = YES;
				CLANG_WARN__DUPLICATE_METHOD_MATCH = YES;
				CODE_SIGN_IDENTITY = "iPhone Developer";
				COPY_PHASE_STRIP = NO;
				DEBUG_INFORMATION_FORMAT = dwarf;
				ENABLE_STRICT_OBJC_MSGSEND = YES;
				ENABLE_TESTABILITY = YES;
				GCC_C_LANGUAGE_STANDARD = gnu11;
				GCC_DYNAMIC_NO_PIC = NO;
				GCC_NO_COMMON_BLOCKS = YES;
				GCC_OPTIMIZATION_LEVEL = 0;
				GCC_PREPROCESSOR_DEFINITIONS = (
					"DEBUG=1",
					"$(inherited)",
				);
				GCC_WARN_64_TO_32_BIT_CONVERSION = YES;
				GCC_WARN_ABOUT_RETURN_TYPE = YES_ERROR;
				GCC_WARN_UNDECLARED_SELECTOR = YES;
				GCC_WARN_UNINITIALIZED_AUTOS = YES_AGGRESSIVE;
				GCC_WARN_UNUSED_FUNCTION = YES;
				GCC_WARN_UNUSED_VARIABLE = YES;
				IPHONEOS_DEPLOYMENT_TARGET = 12.0;
				MTL_ENABLE_DEBUG_INFO = INCLUDE_SOURCE;
				MTL_FAST_MATH = YES;
				ONLY_ACTIVE_ARCH = YES;
				SDKROOT = iphoneos;
			};
			name = Debug;
		};
		DE747C24217A9C580050D749 /* Release */ = {
			isa = XCBuildConfiguration;
			buildSettings = {
				ALWAYS_SEARCH_USER_PATHS = NO;
				CLANG_ANALYZER_NONNULL = YES;
				CLANG_ANALYZER_NUMBER_OBJECT_CONVERSION = YES_AGGRESSIVE;
				CLANG_CXX_LANGUAGE_STANDARD = "gnu++14";
				CLANG_CXX_LIBRARY = "libc++";
				CLANG_ENABLE_MODULES = YES;
				CLANG_ENABLE_OBJC_ARC = YES;
				CLANG_ENABLE_OBJC_WEAK = YES;
				CLANG_WARN_BLOCK_CAPTURE_AUTORELEASING = YES;
				CLANG_WARN_BOOL_CONVERSION = YES;
				CLANG_WARN_COMMA = YES;
				CLANG_WARN_CONSTANT_CONVERSION = YES;
				CLANG_WARN_DEPRECATED_OBJC_IMPLEMENTATIONS = YES;
				CLANG_WARN_DIRECT_OBJC_ISA_USAGE = YES_ERROR;
				CLANG_WARN_DOCUMENTATION_COMMENTS = YES;
				CLANG_WARN_EMPTY_BODY = YES;
				CLANG_WARN_ENUM_CONVERSION = YES;
				CLANG_WARN_INFINITE_RECURSION = YES;
				CLANG_WARN_INT_CONVERSION = YES;
				CLANG_WARN_NON_LITERAL_NULL_CONVERSION = YES;
				CLANG_WARN_OBJC_IMPLICIT_RETAIN_SELF = YES;
				CLANG_WARN_OBJC_LITERAL_CONVERSION = YES;
				CLANG_WARN_OBJC_ROOT_CLASS = YES_ERROR;
				CLANG_WARN_RANGE_LOOP_ANALYSIS = YES;
				CLANG_WARN_STRICT_PROTOTYPES = YES;
				CLANG_WARN_SUSPICIOUS_MOVE = YES;
				CLANG_WARN_UNGUARDED_AVAILABILITY = YES_AGGRESSIVE;
				CLANG_WARN_UNREACHABLE_CODE = YES;
				CLANG_WARN__DUPLICATE_METHOD_MATCH = YES;
				CODE_SIGN_IDENTITY = "iPhone Developer";
				COPY_PHASE_STRIP = NO;
				DEBUG_INFORMATION_FORMAT = "dwarf-with-dsym";
				ENABLE_NS_ASSERTIONS = NO;
				ENABLE_STRICT_OBJC_MSGSEND = YES;
				GCC_C_LANGUAGE_STANDARD = gnu11;
				GCC_NO_COMMON_BLOCKS = YES;
				GCC_WARN_64_TO_32_BIT_CONVERSION = YES;
				GCC_WARN_ABOUT_RETURN_TYPE = YES_ERROR;
				GCC_WARN_UNDECLARED_SELECTOR = YES;
				GCC_WARN_UNINITIALIZED_AUTOS = YES_AGGRESSIVE;
				GCC_WARN_UNUSED_FUNCTION = YES;
				GCC_WARN_UNUSED_VARIABLE = YES;
				IPHONEOS_DEPLOYMENT_TARGET = 12.0;
				MTL_ENABLE_DEBUG_INFO = NO;
				MTL_FAST_MATH = YES;
				SDKROOT = iphoneos;
				VALIDATE_PRODUCT = YES;
			};
			name = Release;
		};
		DE747C26217A9C580050D749 /* Debug */ = {
			isa = XCBuildConfiguration;
			buildSettings = {
				ASSETCATALOG_COMPILER_APPICON_NAME = AppIcon;
				CODE_SIGN_STYLE = Automatic;
				DEVELOPMENT_TEAM = 4ANB9W7R3P;
				INFOPLIST_FILE = "NewBuild-Extension-Subspec/Info.plist";
				LD_RUNPATH_SEARCH_PATHS = (
					"$(inherited)",
					"@executable_path/Frameworks",
				);
				PRODUCT_BUNDLE_IDENTIFIER = "com.google.NewBuild-Extension-Subspec";
				PRODUCT_NAME = "$(TARGET_NAME)";
				TARGETED_DEVICE_FAMILY = "1,2";
			};
			name = Debug;
		};
		DE747C27217A9C580050D749 /* Release */ = {
			isa = XCBuildConfiguration;
			buildSettings = {
				ASSETCATALOG_COMPILER_APPICON_NAME = AppIcon;
				CODE_SIGN_STYLE = Automatic;
				DEVELOPMENT_TEAM = 4ANB9W7R3P;
				INFOPLIST_FILE = "NewBuild-Extension-Subspec/Info.plist";
				LD_RUNPATH_SEARCH_PATHS = (
					"$(inherited)",
					"@executable_path/Frameworks",
				);
				PRODUCT_BUNDLE_IDENTIFIER = "com.google.NewBuild-Extension-Subspec";
				PRODUCT_NAME = "$(TARGET_NAME)";
				TARGETED_DEVICE_FAMILY = "1,2";
			};
			name = Release;
		};
		DE747C29217A9C580050D749 /* Debug */ = {
			isa = XCBuildConfiguration;
			buildSettings = {
				BUNDLE_LOADER = "$(TEST_HOST)";
				CODE_SIGN_STYLE = Automatic;
				DEVELOPMENT_TEAM = 4ANB9W7R3P;
				INFOPLIST_FILE = "NewBuild-Extension-SubspecTests/Info.plist";
				LD_RUNPATH_SEARCH_PATHS = (
					"$(inherited)",
					"@executable_path/Frameworks",
					"@loader_path/Frameworks",
				);
				PRODUCT_BUNDLE_IDENTIFIER = "com.google.NewBuild-Extension-SubspecTests";
				PRODUCT_NAME = "$(TARGET_NAME)";
				TARGETED_DEVICE_FAMILY = "1,2";
				TEST_HOST = "$(BUILT_PRODUCTS_DIR)/NewBuild-Extension-Subspec.app/NewBuild-Extension-Subspec";
			};
			name = Debug;
		};
		DE747C2A217A9C580050D749 /* Release */ = {
			isa = XCBuildConfiguration;
			buildSettings = {
				BUNDLE_LOADER = "$(TEST_HOST)";
				CODE_SIGN_STYLE = Automatic;
				DEVELOPMENT_TEAM = 4ANB9W7R3P;
				INFOPLIST_FILE = "NewBuild-Extension-SubspecTests/Info.plist";
				LD_RUNPATH_SEARCH_PATHS = (
					"$(inherited)",
					"@executable_path/Frameworks",
					"@loader_path/Frameworks",
				);
				PRODUCT_BUNDLE_IDENTIFIER = "com.google.NewBuild-Extension-SubspecTests";
				PRODUCT_NAME = "$(TARGET_NAME)";
				TARGETED_DEVICE_FAMILY = "1,2";
				TEST_HOST = "$(BUILT_PRODUCTS_DIR)/NewBuild-Extension-Subspec.app/NewBuild-Extension-Subspec";
			};
			name = Release;
		};
/* End XCBuildConfiguration section */

/* Begin XCConfigurationList section */
		DE747BFF217A9C560050D749 /* Build configuration list for PBXProject "NewBuild-Extension-Subspec" */ = {
			isa = XCConfigurationList;
			buildConfigurations = (
				DE747C23217A9C580050D749 /* Debug */,
				DE747C24217A9C580050D749 /* Release */,
			);
			defaultConfigurationIsVisible = 0;
			defaultConfigurationName = Release;
		};
		DE747C25217A9C580050D749 /* Build configuration list for PBXNativeTarget "NewBuild-Extension-Subspec" */ = {
			isa = XCConfigurationList;
			buildConfigurations = (
				DE747C26217A9C580050D749 /* Debug */,
				DE747C27217A9C580050D749 /* Release */,
			);
			defaultConfigurationIsVisible = 0;
			defaultConfigurationName = Release;
		};
		DE747C28217A9C580050D749 /* Build configuration list for PBXNativeTarget "NewBuild-Extension-SubspecTests" */ = {
			isa = XCConfigurationList;
			buildConfigurations = (
				DE747C29217A9C580050D749 /* Debug */,
				DE747C2A217A9C580050D749 /* Release */,
			);
			defaultConfigurationIsVisible = 0;
			defaultConfigurationName = Release;
		};
/* End XCConfigurationList section */
	};
	rootObject = DE747BFC217A9C560050D749 /* Project object */;
}
